
Microsoft Visual Studio Solution File, Format Version 12.00
# Visual Studio 14
VisualStudioVersion = 14.0.24720.0
MinimumVisualStudioVersion = 10.0.40219.1
Project("{8BC9CEB8-8B4A-11D0-8D11-00A0C91BC942}") = "Chat.Server.Backend", "Chat.Server.Backend\Chat.Server.Backend.vcxproj", "{65B57BFD-2460-44C8-B60D-F4F1EA67B300}"
	ProjectSection(ProjectDependencies) = postProject
		{825E493F-87EB-423D-B165-E9C5F4D85CD5} = {825E493F-87EB-423D-B165-E9C5F4D85CD5}
		{7F28BEBF-3A23-4E7A-82CE-543BE2AAD8B4} = {7F28BEBF-3A23-4E7A-82CE-543BE2AAD8B4}
	EndProjectSection
EndProject
Project("{8BC9CEB8-8B4A-11D0-8D11-00A0C91BC942}") = "Poco.Net", "Poco.Net\Poco.Net.vcxproj", "{7F28BEBF-3A23-4E7A-82CE-543BE2AAD8B4}"
	ProjectSection(ProjectDependencies) = postProject
		{825E493F-87EB-423D-B165-E9C5F4D85CD5} = {825E493F-87EB-423D-B165-E9C5F4D85CD5}
	EndProjectSection
EndProject
Project("{8BC9CEB8-8B4A-11D0-8D11-00A0C91BC942}") = "Poco.Foundation", "Poco.Foundation\Poco.Foundation.vcxproj", "{825E493F-87EB-423D-B165-E9C5F4D85CD5}"
EndProject
Project("{8BC9CEB8-8B4A-11D0-8D11-00A0C91BC942}") = "Sqlite3", "Sqlite3\Sqlite3.vcxproj", "{3F805BC6-0C9A-4E8C-9B90-A12A656F1146}"
EndProject
Project("{8BC9CEB8-8B4A-11D0-8D11-00A0C91BC942}") = "Common", "Common\Common.vcxproj", "{617B1D5E-9821-43C2-B233-8254E5711A1C}"
EndProject
Project("{8BC9CEB8-8B4A-11D0-8D11-00A0C91BC942}") = "Chat.Server", "Chat.Server\Chat.Server.vcxproj", "{6C8CF42E-D0DD-44F7-9E0D-40BE0384E2B0}"
EndProject
Global
	GlobalSection(SolutionConfigurationPlatforms) = preSolution
		Debug|x64 = Debug|x64
		Debug|x86 = Debug|x86
		DebugMT|x64 = DebugMT|x64
		DebugMT|x86 = DebugMT|x86
		Release|x64 = Release|x64
		Release|x86 = Release|x86
		ReleaseMT|x64 = ReleaseMT|x64
		ReleaseMT|x86 = ReleaseMT|x86
	EndGlobalSection
	GlobalSection(ProjectConfigurationPlatforms) = postSolution
		{65B57BFD-2460-44C8-B60D-F4F1EA67B300}.Debug|x64.ActiveCfg = Debug|x64
		{65B57BFD-2460-44C8-B60D-F4F1EA67B300}.Debug|x64.Build.0 = Debug|x64
		{65B57BFD-2460-44C8-B60D-F4F1EA67B300}.Debug|x86.ActiveCfg = Debug|Win32
		{65B57BFD-2460-44C8-B60D-F4F1EA67B300}.Debug|x86.Build.0 = Debug|Win32
		{65B57BFD-2460-44C8-B60D-F4F1EA67B300}.DebugMT|x64.ActiveCfg = DebugMT|x64
		{65B57BFD-2460-44C8-B60D-F4F1EA67B300}.DebugMT|x64.Build.0 = DebugMT|x64
		{65B57BFD-2460-44C8-B60D-F4F1EA67B300}.DebugMT|x86.ActiveCfg = DebugMT|Win32
		{65B57BFD-2460-44C8-B60D-F4F1EA67B300}.DebugMT|x86.Build.0 = DebugMT|Win32
		{65B57BFD-2460-44C8-B60D-F4F1EA67B300}.Release|x64.ActiveCfg = Release|x64
		{65B57BFD-2460-44C8-B60D-F4F1EA67B300}.Release|x64.Build.0 = Release|x64
		{65B57BFD-2460-44C8-B60D-F4F1EA67B300}.Release|x86.ActiveCfg = Release|Win32
		{65B57BFD-2460-44C8-B60D-F4F1EA67B300}.Release|x86.Build.0 = Release|Win32
		{65B57BFD-2460-44C8-B60D-F4F1EA67B300}.ReleaseMT|x64.ActiveCfg = ReleaseMT|x64
		{65B57BFD-2460-44C8-B60D-F4F1EA67B300}.ReleaseMT|x64.Build.0 = ReleaseMT|x64
		{65B57BFD-2460-44C8-B60D-F4F1EA67B300}.ReleaseMT|x86.ActiveCfg = ReleaseMT|Win32
		{65B57BFD-2460-44C8-B60D-F4F1EA67B300}.ReleaseMT|x86.Build.0 = ReleaseMT|Win32
		{7F28BEBF-3A23-4E7A-82CE-543BE2AAD8B4}.Debug|x64.ActiveCfg = Debug|x64
		{7F28BEBF-3A23-4E7A-82CE-543BE2AAD8B4}.Debug|x64.Build.0 = Debug|x64
		{7F28BEBF-3A23-4E7A-82CE-543BE2AAD8B4}.Debug|x86.ActiveCfg = Debug|Win32
		{7F28BEBF-3A23-4E7A-82CE-543BE2AAD8B4}.Debug|x86.Build.0 = Debug|Win32
		{7F28BEBF-3A23-4E7A-82CE-543BE2AAD8B4}.DebugMT|x64.ActiveCfg = DebugMT|x64
		{7F28BEBF-3A23-4E7A-82CE-543BE2AAD8B4}.DebugMT|x64.Build.0 = DebugMT|x64
		{7F28BEBF-3A23-4E7A-82CE-543BE2AAD8B4}.DebugMT|x86.ActiveCfg = DebugMT|Win32
		{7F28BEBF-3A23-4E7A-82CE-543BE2AAD8B4}.DebugMT|x86.Build.0 = DebugMT|Win32
		{7F28BEBF-3A23-4E7A-82CE-543BE2AAD8B4}.Release|x64.ActiveCfg = Release|x64
		{7F28BEBF-3A23-4E7A-82CE-543BE2AAD8B4}.Release|x64.Build.0 = Release|x64
		{7F28BEBF-3A23-4E7A-82CE-543BE2AAD8B4}.Release|x86.ActiveCfg = Release|Win32
		{7F28BEBF-3A23-4E7A-82CE-543BE2AAD8B4}.Release|x86.Build.0 = Release|Win32
		{7F28BEBF-3A23-4E7A-82CE-543BE2AAD8B4}.ReleaseMT|x64.ActiveCfg = ReleaseMT|x64
		{7F28BEBF-3A23-4E7A-82CE-543BE2AAD8B4}.ReleaseMT|x64.Build.0 = ReleaseMT|x64
		{7F28BEBF-3A23-4E7A-82CE-543BE2AAD8B4}.ReleaseMT|x86.ActiveCfg = ReleaseMT|Win32
		{7F28BEBF-3A23-4E7A-82CE-543BE2AAD8B4}.ReleaseMT|x86.Build.0 = ReleaseMT|Win32
		{825E493F-87EB-423D-B165-E9C5F4D85CD5}.Debug|x64.ActiveCfg = Debug|x64
		{825E493F-87EB-423D-B165-E9C5F4D85CD5}.Debug|x64.Build.0 = Debug|x64
		{825E493F-87EB-423D-B165-E9C5F4D85CD5}.Debug|x86.ActiveCfg = Debug|Win32
		{825E493F-87EB-423D-B165-E9C5F4D85CD5}.Debug|x86.Build.0 = Debug|Win32
		{825E493F-87EB-423D-B165-E9C5F4D85CD5}.DebugMT|x64.ActiveCfg = DebugMT|x64
		{825E493F-87EB-423D-B165-E9C5F4D85CD5}.DebugMT|x64.Build.0 = DebugMT|x64
		{825E493F-87EB-423D-B165-E9C5F4D85CD5}.DebugMT|x86.ActiveCfg = DebugMT|Win32
		{825E493F-87EB-423D-B165-E9C5F4D85CD5}.DebugMT|x86.Build.0 = DebugMT|Win32
		{825E493F-87EB-423D-B165-E9C5F4D85CD5}.Release|x64.ActiveCfg = Release|x64
		{825E493F-87EB-423D-B165-E9C5F4D85CD5}.Release|x64.Build.0 = Release|x64
		{825E493F-87EB-423D-B165-E9C5F4D85CD5}.Release|x86.ActiveCfg = Release|Win32
		{825E493F-87EB-423D-B165-E9C5F4D85CD5}.Release|x86.Build.0 = Release|Win32
		{825E493F-87EB-423D-B165-E9C5F4D85CD5}.ReleaseMT|x64.ActiveCfg = ReleaseMT|x64
		{825E493F-87EB-423D-B165-E9C5F4D85CD5}.ReleaseMT|x64.Build.0 = ReleaseMT|x64
		{825E493F-87EB-423D-B165-E9C5F4D85CD5}.ReleaseMT|x86.ActiveCfg = ReleaseMT|Win32
		{825E493F-87EB-423D-B165-E9C5F4D85CD5}.ReleaseMT|x86.Build.0 = ReleaseMT|Win32
		{3F805BC6-0C9A-4E8C-9B90-A12A656F1146}.Debug|x64.ActiveCfg = Debug|x64
		{3F805BC6-0C9A-4E8C-9B90-A12A656F1146}.Debug|x64.Build.0 = Debug|x64
		{3F805BC6-0C9A-4E8C-9B90-A12A656F1146}.Debug|x86.ActiveCfg = Debug|Win32
		{3F805BC6-0C9A-4E8C-9B90-A12A656F1146}.Debug|x86.Build.0 = Debug|Win32
		{3F805BC6-0C9A-4E8C-9B90-A12A656F1146}.DebugMT|x64.ActiveCfg = DebugMT|x64
		{3F805BC6-0C9A-4E8C-9B90-A12A656F1146}.DebugMT|x64.Build.0 = DebugMT|x64
		{3F805BC6-0C9A-4E8C-9B90-A12A656F1146}.DebugMT|x86.ActiveCfg = DebugMT|Win32
		{3F805BC6-0C9A-4E8C-9B90-A12A656F1146}.DebugMT|x86.Build.0 = DebugMT|Win32
		{3F805BC6-0C9A-4E8C-9B90-A12A656F1146}.Release|x64.ActiveCfg = Release|x64
		{3F805BC6-0C9A-4E8C-9B90-A12A656F1146}.Release|x64.Build.0 = Release|x64
		{3F805BC6-0C9A-4E8C-9B90-A12A656F1146}.Release|x86.ActiveCfg = Release|Win32
		{3F805BC6-0C9A-4E8C-9B90-A12A656F1146}.Release|x86.Build.0 = Release|Win32
		{3F805BC6-0C9A-4E8C-9B90-A12A656F1146}.ReleaseMT|x64.ActiveCfg = ReleaseMT|x64
		{3F805BC6-0C9A-4E8C-9B90-A12A656F1146}.ReleaseMT|x64.Build.0 = ReleaseMT|x64
		{3F805BC6-0C9A-4E8C-9B90-A12A656F1146}.ReleaseMT|x86.ActiveCfg = ReleaseMT|Win32
		{3F805BC6-0C9A-4E8C-9B90-A12A656F1146}.ReleaseMT|x86.Build.0 = ReleaseMT|Win32
		{617B1D5E-9821-43C2-B233-8254E5711A1C}.Debug|x64.ActiveCfg = Debug|x64
		{617B1D5E-9821-43C2-B233-8254E5711A1C}.Debug|x64.Build.0 = Debug|x64
		{617B1D5E-9821-43C2-B233-8254E5711A1C}.Debug|x86.ActiveCfg = Debug|Win32
		{617B1D5E-9821-43C2-B233-8254E5711A1C}.Debug|x86.Build.0 = Debug|Win32
		{617B1D5E-9821-43C2-B233-8254E5711A1C}.DebugMT|x64.ActiveCfg = DebugMT|x64
		{617B1D5E-9821-43C2-B233-8254E5711A1C}.DebugMT|x64.Build.0 = DebugMT|x64
		{617B1D5E-9821-43C2-B233-8254E5711A1C}.DebugMT|x86.ActiveCfg = DebugMT|Win32
		{617B1D5E-9821-43C2-B233-8254E5711A1C}.DebugMT|x86.Build.0 = DebugMT|Win32
		{617B1D5E-9821-43C2-B233-8254E5711A1C}.Release|x64.ActiveCfg = Release|x64
		{617B1D5E-9821-43C2-B233-8254E5711A1C}.Release|x64.Build.0 = Release|x64
		{617B1D5E-9821-43C2-B233-8254E5711A1C}.Release|x86.ActiveCfg = Release|Win32
		{617B1D5E-9821-43C2-B233-8254E5711A1C}.Release|x86.Build.0 = Release|Win32
		{617B1D5E-9821-43C2-B233-8254E5711A1C}.ReleaseMT|x64.ActiveCfg = ReleaseMT|x64
		{617B1D5E-9821-43C2-B233-8254E5711A1C}.ReleaseMT|x64.Build.0 = ReleaseMT|x64
		{617B1D5E-9821-43C2-B233-8254E5711A1C}.ReleaseMT|x86.ActiveCfg = ReleaseMT|Win32
		{617B1D5E-9821-43C2-B233-8254E5711A1C}.ReleaseMT|x86.Build.0 = ReleaseMT|Win32
		{6C8CF42E-D0DD-44F7-9E0D-40BE0384E2B0}.Debug|x64.ActiveCfg = Debug|x64
		{6C8CF42E-D0DD-44F7-9E0D-40BE0384E2B0}.Debug|x64.Build.0 = Debug|x64
		{6C8CF42E-D0DD-44F7-9E0D-40BE0384E2B0}.Debug|x86.ActiveCfg = Debug|Win32
		{6C8CF42E-D0DD-44F7-9E0D-40BE0384E2B0}.Debug|x86.Build.0 = Debug|Win32
		{6C8CF42E-D0DD-44F7-9E0D-40BE0384E2B0}.DebugMT|x64.ActiveCfg = DebugMT|x64
		{6C8CF42E-D0DD-44F7-9E0D-40BE0384E2B0}.DebugMT|x64.Build.0 = DebugMT|x64
		{6C8CF42E-D0DD-44F7-9E0D-40BE0384E2B0}.DebugMT|x86.ActiveCfg = DebugMT|Win32
		{6C8CF42E-D0DD-44F7-9E0D-40BE0384E2B0}.DebugMT|x86.Build.0 = DebugMT|Win32
		{6C8CF42E-D0DD-44F7-9E0D-40BE0384E2B0}.Release|x64.ActiveCfg = Release|x64
		{6C8CF42E-D0DD-44F7-9E0D-40BE0384E2B0}.Release|x64.Build.0 = Release|x64
		{6C8CF42E-D0DD-44F7-9E0D-40BE0384E2B0}.Release|x86.ActiveCfg = Release|Win32
		{6C8CF42E-D0DD-44F7-9E0D-40BE0384E2B0}.Release|x86.Build.0 = Release|Win32
		{6C8CF42E-D0DD-44F7-9E0D-40BE0384E2B0}.ReleaseMT|x64.ActiveCfg = ReleaseMT|x64
		{6C8CF42E-D0DD-44F7-9E0D-40BE0384E2B0}.ReleaseMT|x64.Build.0 = ReleaseMT|x64
		{6C8CF42E-D0DD-44F7-9E0D-40BE0384E2B0}.ReleaseMT|x86.ActiveCfg = ReleaseMT|Win32
		{6C8CF42E-D0DD-44F7-9E0D-40BE0384E2B0}.ReleaseMT|x86.Build.0 = ReleaseMT|Win32
	EndGlobalSection
	GlobalSection(SolutionProperties) = preSolution
		HideSolutionNode = FALSE
	EndGlobalSection
EndGlobal
